
Microsoft Visual Studio Solution File, Format Version 12.00
# Visual Studio Version 17
VisualStudioVersion = 17.4.33213.308
MinimumVisualStudioVersion = 10.0.40219.1
Project("{FAE04EC0-301F-11D3-BF4B-00C04F79EFBC}") = "Module_5_3_13", "Module_5_3_13.csproj", "{EB7CA0E4-44D5-4B00-BC84-74869514A403}"
EndProject
Global
	GlobalSection(SolutionConfigurationPlatforms) = preSolution
		Debug|Any CPU = Debug|Any CPU
		Release|Any CPU = Release|Any CPU
	EndGlobalSection
	GlobalSection(ProjectConfigurationPlatforms) = postSolution
		{EB7CA0E4-44D5-4B00-BC84-74869514A403}.Debug|Any CPU.ActiveCfg = Debug|Any CPU
		{EB7CA0E4-44D5-4B00-BC84-74869514A403}.Debug|Any CPU.Build.0 = Debug|Any CPU
		{EB7CA0E4-44D5-4B00-BC84-74869514A403}.Release|Any CPU.ActiveCfg = Release|Any CPU
		{EB7CA0E4-44D5-4B00-BC84-74869514A403}.Release|Any CPU.Build.0 = Release|Any CPU
	EndGlobalSection
	GlobalSection(SolutionProperties) = preSolution
		HideSolutionNode = FALSE
	EndGlobalSection
	GlobalSection(ExtensibilityGlobals) = postSolution
		SolutionGuid = {640D6695-04B1-4F64-B2F7-437F2801E6F3}
	EndGlobalSection
EndGlobal
